Microsoft Visual Studio Solution File, Format Version 9.00
# Visual Studio 2005
Project("{FAE04EC0-301F-11D3-BF4B-00C04F79EFBC}") = "CustomCollectionMasterDetail", "CustomCollectionMasterDetail.csproj", "{8B4EEFF3-6EDB-4F8E-8F9E-ED7828B3690A}"
EndProject
Global
	GlobalSection(SolutionConfigurationPlatforms) = preSolution
		Debug|Any CPU = Debug|Any CPU
		Release|Any CPU = Release|Any CPU
	EndGlobalSection
	GlobalSection(ProjectConfigurationPlatforms) = postSolution
		{8B4EEFF3-6EDB-4F8E-8F9E-ED7828B3690A}.Debug|Any CPU.ActiveCfg = Debug|Any CPU
		{8B4EEFF3-6EDB-4F8E-8F9E-ED7828B3690A}.Debug|Any CPU.Build.0 = Debug|Any CPU
		{8B4EEFF3-6EDB-4F8E-8F9E-ED7828B3690A}.Release|Any CPU.ActiveCfg = Release|Any CPU
		{8B4EEFF3-6EDB-4F8E-8F9E-ED7828B3690A}.Release|Any CPU.Build.0 = Release|Any CPU
	EndGlobalSection
	GlobalSection(SolutionProperties) = preSolution
		HideSolutionNode = FALSE
	EndGlobalSection
EndGlobal
